// !$*UTF8*$!
{
	archiveVersion = 1;
	classes = {
	};
	objectVersion = 46;
	objects = {

/* Begin PBXBuildFile section */
		613C16B61F460B3C00975068 /* Assignment2.m in Sources */ = {isa = PBXBuildFile; fileRef = 613C16B51F460B3C00975068 /* Assignment2.m */; };
		613C16BE1F460B7400975068 /* Box.m in Sources */ = {isa = PBXBuildFile; fileRef = 613C16BD1F460B7400975068 /* Box.m */; };
/* End PBXBuildFile section */

/* Begin PBXCopyFilesBuildPhase section */
		613C16B01F460B3C00975068 /* CopyFiles */ = {
			isa = PBXCopyFilesBuildPhase;
			buildActionMask = 2147483647;
			dstPath = /usr/share/man/man1/;
			dstSubfolderSpec = 0;
			files = (
			);
			runOnlyForDeploymentPostprocessing = 1;
		};
/* End PBXCopyFilesBuildPhase section */

/* Begin PBXFileReference section */
		613C16B21F460B3C00975068 /* Assignment2 */ = {isa = PBXFileReference; explicitFileType = "compiled.mach-o.executable"; includeInIndex = 0; path = Assignment2; sourceTree = BUILT_PRODUCTS_DIR; };
		613C16B51F460B3C00975068 /* Assignment2.m */ = {isa = PBXFileReference; lastKnownFileType = sourcecode.c.objc; path = Assignment2.m; sourceTree = "<group>"; };
		613C16BC1F460B7400975068 /* Box.h */ = {isa = PBXFileReference; fileEncoding = 4; lastKnownFileType = sourcecode.c.h; path = Box.h; sourceTree = "<group>"; };
		613C16BD1F460B7400975068 /* Box.m */ = {isa = PBXFileReference; fileEncoding = 4; lastKnownFileType = sourcecode.c.objc; path = Box.m; sourceTree = "<group>"; };
/* End PBXFileReference section */

/* Begin PBXFrameworksBuildPhase section */
		613C16AF1F460B3C00975068 /* Frameworks */ = {
			isa = PBXFrameworksBuildPhase;
			buildActionMask = 2147483647;
			files = (
			);
			runOnlyForDeploymentPostprocessing = 0;
		};
/* End PBXFrameworksBuildPhase section */

/* Begin PBXGroup section */
		613C16A91F460B3C00975068 = {
			isa = PBXGroup;
			children = (
				613C16B41F460B3C00975068 /* Assignment2 */,
				613C16B31F460B3C00975068 /* Products */,
			);
			sourceTree = "<group>";
		};
		613C16B31F460B3C00975068 /* Products */ = {
			isa = PBXGroup;
			children = (
				613C16B21F460B3C00975068 /* Assignment2 */,
			);
			name = Products;
			sourceTree = "<group>";
		};
		613C16B41F460B3C00975068 /* Assignment2 */ = {
			isa = PBXGroup;
			children = (
				613C16B51F460B3C00975068 /* Assignment2.m */,
				613C16BC1F460B7400975068 /* Box.h */,
				613C16BD1F460B7400975068 /* Box.m */,
			);
			path = Assignment2;
			sourceTree = "<group>";
		};
/* End PBXGroup section */

/* Begin PBXNativeTarget section */
		613C16B11F460B3C00975068 /* Assignment2 */ = {
			isa = PBXNativeTarget;
			buildConfigurationList = 613C16B91F460B3C00975068 /* Build configuration list for PBXNativeTarget "Assignment2" */;
			buildPhases = (
				613C16AE1F460B3C00975068 /* Sources */,
				613C16AF1F460B3C00975068 /* Frameworks */,
				613C16B01F460B3C00975068 /* CopyFiles */,
			);
			buildRules = (
			);
			dependencies = (
			);
			name = Assignment2;
			productName = Assignment2;
			productReference = 613C16B21F460B3C00975068 /* Assignment2 */;
			productType = "com.apple.product-type.tool";
		};
/* End PBXNativeTarget section */

/* Begin PBXProject section */
		613C16AA1F460B3C00975068 /* Project object */ = {
			isa = PBXProject;
			attributes = {
				LastUpgradeCheck = 0820;
				ORGANIZATIONNAME = "岡田暁";
				TargetAttributes = {
					613C16B11F460B3C00975068 = {
						CreatedOnToolsVersion = 8.2.1;
						ProvisioningStyle = Automatic;
					};
				};
			};
			buildConfigurationList = 613C16AD1F460B3C00975068 /* Build configuration list for PBXProject "Assignment2" */;
			compatibilityVersion = "Xcode 3.2";
			developmentRegion = English;
			hasScannedForEncodings = 0;
			knownRegions = (
				en,
			);
			mainGroup = 613C16A91F460B3C00975068;
			productRefGroup = 613C16B31F460B3C00975068 /* Products */;
			projectDirPath = "";
			projectRoot = "";
			targets = (
				613C16B11F460B3C00975068 /* Assignment2 */,
			);
		};
/* End PBXProject section */

/* Begin PBXSourcesBuildPhase section */
		613C16AE1F460B3C00975068 /* Sources */ = {
			isa = PBXSourcesBuildPhase;
			buildActionMask = 2147483647;
			files = (
				613C16B61F460B3C00975068 /* Assignment2.m in Sources */,
				613C16BE1F460B7400975068 /* Box.m in Sources */,
			);
			runOnlyForDeploymentPostprocessing = 0;
		};
/* End PBXSourcesBuildPhase section */

/* Begin XCBuildConfiguration section */
		613C16B71F460B3C00975068 /* Debug */ = {
			isa = XCBuildConfiguration;
			buildSettings = {
				ALWAYS_SEARCH_USER_PATHS = NO;
				CLANG_ANALYZER_NONNULL = YES;
				CLANG_CXX_LANGUAGE_STANDARD = "gnu++0x";
				CLANG_CXX_LIBRARY = "libc++";
				CLANG_ENABLE_MODULES = YES;
				CLANG_ENABLE_OBJC_ARC = YES;
				CLANG_WARN_BOOL_CONVERSION = YES;
				CLANG_WARN_CONSTANT_CONVERSION = YES;
				CLANG_WARN_DIRECT_OBJC_ISA_USAGE = YES_ERROR;
				CLANG_WARN_DOCUMENTATION_COMMENTS = YES;
				CLANG_WARN_EMPTY_BODY = YES;
				CLANG_WARN_ENUM_CONVERSION = YES;
				CLANG_WARN_INFINITE_RECURSION = YES;
				CLANG_WARN_INT_CONVERSION = YES;
				CLANG_WARN_OBJC_ROOT_CLASS = YES_ERROR;
				CLANG_WARN_SUSPICIOUS_MOVE = YES;
				CLANG_WARN_UNREACHABLE_CODE = YES;
				CLANG_WARN__DUPLICATE_METHOD_MATCH = YES;
				CODE_SIGN_IDENTITY = "-";
				COPY_PHASE_STRIP = NO;
				DEBUG_INFORMATION_FORMAT = dwarf;
				ENABLE_STRICT_OBJC_MSGSEND = YES;
				ENABLE_TESTABILITY = YES;
				GCC_C_LANGUAGE_STANDARD = gnu99;
				GCC_DYNAMIC_NO_PIC = NO;
				GCC_NO_COMMON_BLOCKS = YES;
				GCC_OPTIMIZATION_LEVEL = 0;
				GCC_PREPROCESSOR_DEFINITIONS = (
					"DEBUG=1",
					"$(inherited)",
				);
				GCC_WARN_64_TO_32_BIT_CONVERSION = YES;
				GCC_WARN_ABOUT_RETURN_TYPE = YES_ERROR;
				GCC_WARN_UNDECLARED_SELECTOR = YES;
				GCC_WARN_UNINITIALIZED_AUTOS = YES_AGGRESSIVE;
				GCC_WARN_UNUSED_FUNCTION = YES;
				GCC_WARN_UNUSED_VARIABLE = YES;
				MACOSX_DEPLOYMENT_TARGET = 10.11;
				MTL_ENABLE_DEBUG_INFO = YES;
				ONLY_ACTIVE_ARCH = YES;
				SDKROOT = macosx;
			};
			name = Debug;
		};
		613C16B81F460B3C00975068 /* Release */ = {
			isa = XCBuildConfiguration;
			buildSettings = {
				ALWAYS_SEARCH_USER_PATHS = NO;
				CLANG_ANALYZER_NONNULL = YES;
				CLANG_CXX_LANGUAGE_STANDARD = "gnu++0x";
				CLANG_CXX_LIBRARY = "libc++";
				CLANG_ENABLE_MODULES = YES;
				CLANG_ENABLE_OBJC_ARC = YES;
				CLANG_WARN_BOOL_CONVERSION = YES;
				CLANG_WARN_CONSTANT_CONVERSION = YES;
				CLANG_WARN_DIRECT_OBJC_ISA_USAGE = YES_ERROR;
				CLANG_WARN_DOCUMENTATION_COMMENTS = YES;
				CLANG_WARN_EMPTY_BODY = YES;
				CLANG_WARN_ENUM_CONVERSION = YES;
				CLANG_WARN_INFINITE_RECURSION = YES;
				CLANG_WARN_INT_CONVERSION = YES;
				CLANG_WARN_OBJC_ROOT_CLASS = YES_ERROR;
				CLANG_WARN_SUSPICIOUS_MOVE = YES;
				CLANG_WARN_UNREACHABLE_CODE = YES;
				CLANG_WARN__DUPLICATE_METHOD_MATCH = YES;
				CODE_SIGN_IDENTITY = "-";
				COPY_PHASE_STRIP = NO;
				DEBUG_INFORMATION_FORMAT = "dwarf-with-dsym";
				ENABLE_NS_ASSERTIONS = NO;
				ENABLE_STRICT_OBJC_MSGSEND = YES;
				GCC_C_LANGUAGE_STANDARD = gnu99;
				GCC_NO_COMMON_BLOCKS = YES;
				GCC_WARN_64_TO_32_BIT_CONVERSION = YES;
				GCC_WARN_ABOUT_RETURN_TYPE = YES_ERROR;
				GCC_WARN_UNDECLARED_SELECTOR = YES;
				GCC_WARN_UNINITIALIZED_AUTOS = YES_AGGRESSIVE;
				GCC_WARN_UNUSED_FUNCTION = YES;
				GCC_WARN_UNUSED_VARIABLE = YES;
				MACOSX_DEPLOYMENT_TARGET = 10.11;
				MTL_ENABLE_DEBUG_INFO = NO;
				SDKROOT = macosx;
			};
			name = Release;
		};
		613C16BA1F460B3C00975068 /* Debug */ = {
			isa = XCBuildConfiguration;
			buildSettings = {
				PRODUCT_NAME = "$(TARGET_NAME)";
			};
			name = Debug;
		};
		613C16BB1F460B3C00975068 /* Release */ = {
			isa = XCBuildConfiguration;
			buildSettings = {
				PRODUCT_NAME = "$(TARGET_NAME)";
			};
			name = Release;
		};
/* End XCBuildConfiguration section */

/* Begin XCConfigurationList section */
		613C16AD1F460B3C00975068 /* Build configuration list for PBXProject "Assignment2" */ = {
			isa = XCConfigurationList;
			buildConfigurations = (
				613C16B71F460B3C00975068 /* Debug */,
				613C16B81F460B3C00975068 /* Release */,
			);
			defaultConfigurationIsVisible = 0;
			defaultConfigurationName = Release;
		};
		613C16B91F460B3C00975068 /* Build configuration list for PBXNativeTarget "Assignment2" */ = {
			isa = XCConfigurationList;
			buildConfigurations = (
				613C16BA1F460B3C00975068 /* Debug */,
				613C16BB1F460B3C00975068 /* Release */,
			);
			defaultConfigurationIsVisible = 0;
			defaultConfigurationName = Release;
		};
/* End XCConfigurationList section */
	};
	rootObject = 613C16AA1F460B3C00975068 /* Project object */;
}
