// !$*UTF8*$!
{
	archiveVersion = 1;
	classes = {
	};
	objectVersion = 46;
	objects = {

/* Begin PBXBuildFile section */
		61DDB5001F54A16900C322CA /* main.m in Sources */ = {isa = PBXBuildFile; fileRef = 61DDB4FF1F54A16900C322CA /* main.m */; };
		61DDB5081F54A18900C322CA /* Kitchen.m in Sources */ = {isa = PBXBuildFile; fileRef = 61DDB5071F54A18900C322CA /* Kitchen.m */; };
		61DDB50B1F54A19C00C322CA /* Pizza.m in Sources */ = {isa = PBXBuildFile; fileRef = 61DDB50A1F54A19C00C322CA /* Pizza.m */; };
		61DDB50F1F54CD6100C322CA /* HateAnchoviesManager.m in Sources */ = {isa = PBXBuildFile; fileRef = 61DDB50E1F54CD6100C322CA /* HateAnchoviesManager.m */; };
		61DDB5121F54CD7B00C322CA /* CheeryManager.m in Sources */ = {isa = PBXBuildFile; fileRef = 61DDB5111F54CD7B00C322CA /* CheeryManager.m */; };
/* End PBXBuildFile section */

/* Begin PBXCopyFilesBuildPhase section */
		61DDB4FA1F54A16900C322CA /* CopyFiles */ = {
			isa = PBXCopyFilesBuildPhase;
			buildActionMask = 2147483647;
			dstPath = /usr/share/man/man1/;
			dstSubfolderSpec = 0;
			files = (
			);
			runOnlyForDeploymentPostprocessing = 1;
		};
/* End PBXCopyFilesBuildPhase section */

/* Begin PBXFileReference section */
		61DDB4FC1F54A16900C322CA /* Assignment11 */ = {isa = PBXFileReference; explicitFileType = "compiled.mach-o.executable"; includeInIndex = 0; path = Assignment11; sourceTree = BUILT_PRODUCTS_DIR; };
		61DDB4FF1F54A16900C322CA /* main.m */ = {isa = PBXFileReference; lastKnownFileType = sourcecode.c.objc; path = main.m; sourceTree = "<group>"; };
		61DDB5061F54A18300C322CA /* Kitchen.h */ = {isa = PBXFileReference; lastKnownFileType = sourcecode.c.h; path = Kitchen.h; sourceTree = "<group>"; };
		61DDB5071F54A18900C322CA /* Kitchen.m */ = {isa = PBXFileReference; fileEncoding = 4; lastKnownFileType = sourcecode.c.objc; path = Kitchen.m; sourceTree = "<group>"; };
		61DDB5091F54A19300C322CA /* Pizza.h */ = {isa = PBXFileReference; lastKnownFileType = sourcecode.c.h; path = Pizza.h; sourceTree = "<group>"; };
		61DDB50A1F54A19C00C322CA /* Pizza.m */ = {isa = PBXFileReference; fileEncoding = 4; lastKnownFileType = sourcecode.c.objc; path = Pizza.m; sourceTree = "<group>"; };
		61DDB50C1F54A1A200C322CA /* PizzaRestaurant-Prefix.pch */ = {isa = PBXFileReference; lastKnownFileType = sourcecode.c.h; path = "PizzaRestaurant-Prefix.pch"; sourceTree = "<group>"; };
		61DDB50D1F54CD6100C322CA /* HateAnchoviesManager.h */ = {isa = PBXFileReference; fileEncoding = 4; lastKnownFileType = sourcecode.c.h; path = HateAnchoviesManager.h; sourceTree = "<group>"; };
		61DDB50E1F54CD6100C322CA /* HateAnchoviesManager.m */ = {isa = PBXFileReference; fileEncoding = 4; lastKnownFileType = sourcecode.c.objc; path = HateAnchoviesManager.m; sourceTree = "<group>"; };
		61DDB5101F54CD7B00C322CA /* CheeryManager.h */ = {isa = PBXFileReference; fileEncoding = 4; lastKnownFileType = sourcecode.c.h; path = CheeryManager.h; sourceTree = "<group>"; };
		61DDB5111F54CD7B00C322CA /* CheeryManager.m */ = {isa = PBXFileReference; fileEncoding = 4; lastKnownFileType = sourcecode.c.objc; path = CheeryManager.m; sourceTree = "<group>"; };
/* End PBXFileReference section */

/* Begin PBXFrameworksBuildPhase section */
		61DDB4F91F54A16900C322CA /* Frameworks */ = {
			isa = PBXFrameworksBuildPhase;
			buildActionMask = 2147483647;
			files = (
			);
			runOnlyForDeploymentPostprocessing = 0;
		};
/* End PBXFrameworksBuildPhase section */

/* Begin PBXGroup section */
		61DDB4F31F54A16900C322CA = {
			isa = PBXGroup;
			children = (
				61DDB4FE1F54A16900C322CA /* Assignment11 */,
				61DDB4FD1F54A16900C322CA /* Products */,
			);
			sourceTree = "<group>";
		};
		61DDB4FD1F54A16900C322CA /* Products */ = {
			isa = PBXGroup;
			children = (
				61DDB4FC1F54A16900C322CA /* Assignment11 */,
			);
			name = Products;
			sourceTree = "<group>";
		};
		61DDB4FE1F54A16900C322CA /* Assignment11 */ = {
			isa = PBXGroup;
			children = (
				61DDB4FF1F54A16900C322CA /* main.m */,
				61DDB5061F54A18300C322CA /* Kitchen.h */,
				61DDB5071F54A18900C322CA /* Kitchen.m */,
				61DDB5091F54A19300C322CA /* Pizza.h */,
				61DDB50A1F54A19C00C322CA /* Pizza.m */,
				61DDB50C1F54A1A200C322CA /* PizzaRestaurant-Prefix.pch */,
				61DDB50D1F54CD6100C322CA /* HateAnchoviesManager.h */,
				61DDB50E1F54CD6100C322CA /* HateAnchoviesManager.m */,
				61DDB5101F54CD7B00C322CA /* CheeryManager.h */,
				61DDB5111F54CD7B00C322CA /* CheeryManager.m */,
			);
			path = Assignment11;
			sourceTree = "<group>";
		};
/* End PBXGroup section */

/* Begin PBXNativeTarget section */
		61DDB4FB1F54A16900C322CA /* Assignment11 */ = {
			isa = PBXNativeTarget;
			buildConfigurationList = 61DDB5031F54A16900C322CA /* Build configuration list for PBXNativeTarget "Assignment11" */;
			buildPhases = (
				61DDB4F81F54A16900C322CA /* Sources */,
				61DDB4F91F54A16900C322CA /* Frameworks */,
				61DDB4FA1F54A16900C322CA /* CopyFiles */,
			);
			buildRules = (
			);
			dependencies = (
			);
			name = Assignment11;
			productName = Assignment11;
			productReference = 61DDB4FC1F54A16900C322CA /* Assignment11 */;
			productType = "com.apple.product-type.tool";
		};
/* End PBXNativeTarget section */

/* Begin PBXProject section */
		61DDB4F41F54A16900C322CA /* Project object */ = {
			isa = PBXProject;
			attributes = {
				LastUpgradeCheck = 0820;
				ORGANIZATIONNAME = "岡田暁";
				TargetAttributes = {
					61DDB4FB1F54A16900C322CA = {
						CreatedOnToolsVersion = 8.2.1;
						ProvisioningStyle = Automatic;
					};
				};
			};
			buildConfigurationList = 61DDB4F71F54A16900C322CA /* Build configuration list for PBXProject "Assignment11" */;
			compatibilityVersion = "Xcode 3.2";
			developmentRegion = English;
			hasScannedForEncodings = 0;
			knownRegions = (
				en,
			);
			mainGroup = 61DDB4F31F54A16900C322CA;
			productRefGroup = 61DDB4FD1F54A16900C322CA /* Products */;
			projectDirPath = "";
			projectRoot = "";
			targets = (
				61DDB4FB1F54A16900C322CA /* Assignment11 */,
			);
		};
/* End PBXProject section */

/* Begin PBXSourcesBuildPhase section */
		61DDB4F81F54A16900C322CA /* Sources */ = {
			isa = PBXSourcesBuildPhase;
			buildActionMask = 2147483647;
			files = (
				61DDB5121F54CD7B00C322CA /* CheeryManager.m in Sources */,
				61DDB50B1F54A19C00C322CA /* Pizza.m in Sources */,
				61DDB5081F54A18900C322CA /* Kitchen.m in Sources */,
				61DDB50F1F54CD6100C322CA /* HateAnchoviesManager.m in Sources */,
				61DDB5001F54A16900C322CA /* main.m in Sources */,
			);
			runOnlyForDeploymentPostprocessing = 0;
		};
/* End PBXSourcesBuildPhase section */

/* Begin XCBuildConfiguration section */
		61DDB5011F54A16900C322CA /* Debug */ = {
			isa = XCBuildConfiguration;
			buildSettings = {
				ALWAYS_SEARCH_USER_PATHS = NO;
				CLANG_ANALYZER_NONNULL = YES;
				CLANG_CXX_LANGUAGE_STANDARD = "gnu++0x";
				CLANG_CXX_LIBRARY = "libc++";
				CLANG_ENABLE_MODULES = YES;
				CLANG_ENABLE_OBJC_ARC = YES;
				CLANG_WARN_BOOL_CONVERSION = YES;
				CLANG_WARN_CONSTANT_CONVERSION = YES;
				CLANG_WARN_DIRECT_OBJC_ISA_USAGE = YES_ERROR;
				CLANG_WARN_DOCUMENTATION_COMMENTS = YES;
				CLANG_WARN_EMPTY_BODY = YES;
				CLANG_WARN_ENUM_CONVERSION = YES;
				CLANG_WARN_INFINITE_RECURSION = YES;
				CLANG_WARN_INT_CONVERSION = YES;
				CLANG_WARN_OBJC_ROOT_CLASS = YES_ERROR;
				CLANG_WARN_SUSPICIOUS_MOVE = YES;
				CLANG_WARN_UNREACHABLE_CODE = YES;
				CLANG_WARN__DUPLICATE_METHOD_MATCH = YES;
				CODE_SIGN_IDENTITY = "-";
				COPY_PHASE_STRIP = NO;
				DEBUG_INFORMATION_FORMAT = dwarf;
				ENABLE_STRICT_OBJC_MSGSEND = YES;
				ENABLE_TESTABILITY = YES;
				GCC_C_LANGUAGE_STANDARD = gnu99;
				GCC_DYNAMIC_NO_PIC = NO;
				GCC_NO_COMMON_BLOCKS = YES;
				GCC_OPTIMIZATION_LEVEL = 0;
				GCC_PREPROCESSOR_DEFINITIONS = (
					"DEBUG=1",
					"$(inherited)",
				);
				GCC_WARN_64_TO_32_BIT_CONVERSION = YES;
				GCC_WARN_ABOUT_RETURN_TYPE = YES_ERROR;
				GCC_WARN_UNDECLARED_SELECTOR = YES;
				GCC_WARN_UNINITIALIZED_AUTOS = YES_AGGRESSIVE;
				GCC_WARN_UNUSED_FUNCTION = YES;
				GCC_WARN_UNUSED_VARIABLE = YES;
				MACOSX_DEPLOYMENT_TARGET = 10.11;
				MTL_ENABLE_DEBUG_INFO = YES;
				ONLY_ACTIVE_ARCH = YES;
				SDKROOT = macosx;
			};
			name = Debug;
		};
		61DDB5021F54A16900C322CA /* Release */ = {
			isa = XCBuildConfiguration;
			buildSettings = {
				ALWAYS_SEARCH_USER_PATHS = NO;
				CLANG_ANALYZER_NONNULL = YES;
				CLANG_CXX_LANGUAGE_STANDARD = "gnu++0x";
				CLANG_CXX_LIBRARY = "libc++";
				CLANG_ENABLE_MODULES = YES;
				CLANG_ENABLE_OBJC_ARC = YES;
				CLANG_WARN_BOOL_CONVERSION = YES;
				CLANG_WARN_CONSTANT_CONVERSION = YES;
				CLANG_WARN_DIRECT_OBJC_ISA_USAGE = YES_ERROR;
				CLANG_WARN_DOCUMENTATION_COMMENTS = YES;
				CLANG_WARN_EMPTY_BODY = YES;
				CLANG_WARN_ENUM_CONVERSION = YES;
				CLANG_WARN_INFINITE_RECURSION = YES;
				CLANG_WARN_INT_CONVERSION = YES;
				CLANG_WARN_OBJC_ROOT_CLASS = YES_ERROR;
				CLANG_WARN_SUSPICIOUS_MOVE = YES;
				CLANG_WARN_UNREACHABLE_CODE = YES;
				CLANG_WARN__DUPLICATE_METHOD_MATCH = YES;
				CODE_SIGN_IDENTITY = "-";
				COPY_PHASE_STRIP = NO;
				DEBUG_INFORMATION_FORMAT = "dwarf-with-dsym";
				ENABLE_NS_ASSERTIONS = NO;
				ENABLE_STRICT_OBJC_MSGSEND = YES;
				GCC_C_LANGUAGE_STANDARD = gnu99;
				GCC_NO_COMMON_BLOCKS = YES;
				GCC_WARN_64_TO_32_BIT_CONVERSION = YES;
				GCC_WARN_ABOUT_RETURN_TYPE = YES_ERROR;
				GCC_WARN_UNDECLARED_SELECTOR = YES;
				GCC_WARN_UNINITIALIZED_AUTOS = YES_AGGRESSIVE;
				GCC_WARN_UNUSED_FUNCTION = YES;
				GCC_WARN_UNUSED_VARIABLE = YES;
				MACOSX_DEPLOYMENT_TARGET = 10.11;
				MTL_ENABLE_DEBUG_INFO = NO;
				SDKROOT = macosx;
			};
			name = Release;
		};
		61DDB5041F54A16900C322CA /* Debug */ = {
			isa = XCBuildConfiguration;
			buildSettings = {
				PRODUCT_NAME = "$(TARGET_NAME)";
			};
			name = Debug;
		};
		61DDB5051F54A16900C322CA /* Release */ = {
			isa = XCBuildConfiguration;
			buildSettings = {
				PRODUCT_NAME = "$(TARGET_NAME)";
			};
			name = Release;
		};
/* End XCBuildConfiguration section */

/* Begin XCConfigurationList section */
		61DDB4F71F54A16900C322CA /* Build configuration list for PBXProject "Assignment11" */ = {
			isa = XCConfigurationList;
			buildConfigurations = (
				61DDB5011F54A16900C322CA /* Debug */,
				61DDB5021F54A16900C322CA /* Release */,
			);
			defaultConfigurationIsVisible = 0;
			defaultConfigurationName = Release;
		};
		61DDB5031F54A16900C322CA /* Build configuration list for PBXNativeTarget "Assignment11" */ = {
			isa = XCConfigurationList;
			buildConfigurations = (
				61DDB5041F54A16900C322CA /* Debug */,
				61DDB5051F54A16900C322CA /* Release */,
			);
			defaultConfigurationIsVisible = 0;
			defaultConfigurationName = Release;
		};
/* End XCConfigurationList section */
	};
	rootObject = 61DDB4F41F54A16900C322CA /* Project object */;
}
