// !$*UTF8*$!
{
	archiveVersion = 1;
	classes = {
	};
	objectVersion = 46;
	objects = {

/* Begin PBXBuildFile section */
		6170597F1F53506200D799BF /* main.m in Sources */ = {isa = PBXBuildFile; fileRef = 6170597E1F53506200D799BF /* main.m */; };
		617059871F53507700D799BF /* Doctor.m in Sources */ = {isa = PBXBuildFile; fileRef = 617059861F53507700D799BF /* Doctor.m */; };
		6170598A1F53508700D799BF /* Patient.m in Sources */ = {isa = PBXBuildFile; fileRef = 617059891F53508700D799BF /* Patient.m */; };
		61DDB4AE1F53EEE500C322CA /* Symptom.m in Sources */ = {isa = PBXBuildFile; fileRef = 61DDB4AD1F53EEE500C322CA /* Symptom.m */; };
		61DDB4B11F53EEF900C322CA /* HealthCard.m in Sources */ = {isa = PBXBuildFile; fileRef = 61DDB4B01F53EEF900C322CA /* HealthCard.m */; };
		61DDB4B41F53F0FB00C322CA /* Person.m in Sources */ = {isa = PBXBuildFile; fileRef = 61DDB4B31F53F0FB00C322CA /* Person.m */; };
/* End PBXBuildFile section */

/* Begin PBXCopyFilesBuildPhase section */
		617059791F53506200D799BF /* CopyFiles */ = {
			isa = PBXCopyFilesBuildPhase;
			buildActionMask = 2147483647;
			dstPath = /usr/share/man/man1/;
			dstSubfolderSpec = 0;
			files = (
			);
			runOnlyForDeploymentPostprocessing = 1;
		};
/* End PBXCopyFilesBuildPhase section */

/* Begin PBXFileReference section */
		6170597B1F53506200D799BF /* Assignment7 */ = {isa = PBXFileReference; explicitFileType = "compiled.mach-o.executable"; includeInIndex = 0; path = Assignment7; sourceTree = BUILT_PRODUCTS_DIR; };
		6170597E1F53506200D799BF /* main.m */ = {isa = PBXFileReference; lastKnownFileType = sourcecode.c.objc; path = main.m; sourceTree = "<group>"; };
		617059851F53507700D799BF /* Doctor.h */ = {isa = PBXFileReference; fileEncoding = 4; lastKnownFileType = sourcecode.c.h; path = Doctor.h; sourceTree = "<group>"; };
		617059861F53507700D799BF /* Doctor.m */ = {isa = PBXFileReference; fileEncoding = 4; lastKnownFileType = sourcecode.c.objc; path = Doctor.m; sourceTree = "<group>"; };
		617059881F53508700D799BF /* Patient.h */ = {isa = PBXFileReference; fileEncoding = 4; lastKnownFileType = sourcecode.c.h; path = Patient.h; sourceTree = "<group>"; };
		617059891F53508700D799BF /* Patient.m */ = {isa = PBXFileReference; fileEncoding = 4; lastKnownFileType = sourcecode.c.objc; path = Patient.m; sourceTree = "<group>"; };
		61DDB4AC1F53EEE500C322CA /* Symptom.h */ = {isa = PBXFileReference; fileEncoding = 4; lastKnownFileType = sourcecode.c.h; path = Symptom.h; sourceTree = "<group>"; };
		61DDB4AD1F53EEE500C322CA /* Symptom.m */ = {isa = PBXFileReference; fileEncoding = 4; lastKnownFileType = sourcecode.c.objc; path = Symptom.m; sourceTree = "<group>"; };
		61DDB4AF1F53EEF900C322CA /* HealthCard.h */ = {isa = PBXFileReference; fileEncoding = 4; lastKnownFileType = sourcecode.c.h; path = HealthCard.h; sourceTree = "<group>"; };
		61DDB4B01F53EEF900C322CA /* HealthCard.m */ = {isa = PBXFileReference; fileEncoding = 4; lastKnownFileType = sourcecode.c.objc; path = HealthCard.m; sourceTree = "<group>"; };
		61DDB4B21F53F0FB00C322CA /* Person.h */ = {isa = PBXFileReference; fileEncoding = 4; lastKnownFileType = sourcecode.c.h; path = Person.h; sourceTree = "<group>"; };
		61DDB4B31F53F0FB00C322CA /* Person.m */ = {isa = PBXFileReference; fileEncoding = 4; lastKnownFileType = sourcecode.c.objc; path = Person.m; sourceTree = "<group>"; };
/* End PBXFileReference section */

/* Begin PBXFrameworksBuildPhase section */
		617059781F53506200D799BF /* Frameworks */ = {
			isa = PBXFrameworksBuildPhase;
			buildActionMask = 2147483647;
			files = (
			);
			runOnlyForDeploymentPostprocessing = 0;
		};
/* End PBXFrameworksBuildPhase section */

/* Begin PBXGroup section */
		617059721F53506200D799BF = {
			isa = PBXGroup;
			children = (
				6170597D1F53506200D799BF /* Assignment7 */,
				6170597C1F53506200D799BF /* Products */,
			);
			sourceTree = "<group>";
		};
		6170597C1F53506200D799BF /* Products */ = {
			isa = PBXGroup;
			children = (
				6170597B1F53506200D799BF /* Assignment7 */,
			);
			name = Products;
			sourceTree = "<group>";
		};
		6170597D1F53506200D799BF /* Assignment7 */ = {
			isa = PBXGroup;
			children = (
				617059851F53507700D799BF /* Doctor.h */,
				617059861F53507700D799BF /* Doctor.m */,
				61DDB4AF1F53EEF900C322CA /* HealthCard.h */,
				61DDB4B01F53EEF900C322CA /* HealthCard.m */,
				6170597E1F53506200D799BF /* main.m */,
				617059881F53508700D799BF /* Patient.h */,
				617059891F53508700D799BF /* Patient.m */,
				61DDB4AC1F53EEE500C322CA /* Symptom.h */,
				61DDB4AD1F53EEE500C322CA /* Symptom.m */,
				61DDB4B21F53F0FB00C322CA /* Person.h */,
				61DDB4B31F53F0FB00C322CA /* Person.m */,
			);
			path = Assignment7;
			sourceTree = "<group>";
		};
/* End PBXGroup section */

/* Begin PBXNativeTarget section */
		6170597A1F53506200D799BF /* Assignment7 */ = {
			isa = PBXNativeTarget;
			buildConfigurationList = 617059821F53506200D799BF /* Build configuration list for PBXNativeTarget "Assignment7" */;
			buildPhases = (
				617059771F53506200D799BF /* Sources */,
				617059781F53506200D799BF /* Frameworks */,
				617059791F53506200D799BF /* CopyFiles */,
			);
			buildRules = (
			);
			dependencies = (
			);
			name = Assignment7;
			productName = Assignment7;
			productReference = 6170597B1F53506200D799BF /* Assignment7 */;
			productType = "com.apple.product-type.tool";
		};
/* End PBXNativeTarget section */

/* Begin PBXProject section */
		617059731F53506200D799BF /* Project object */ = {
			isa = PBXProject;
			attributes = {
				LastUpgradeCheck = 0820;
				ORGANIZATIONNAME = "岡田暁";
				TargetAttributes = {
					6170597A1F53506200D799BF = {
						CreatedOnToolsVersion = 8.2.1;
						ProvisioningStyle = Automatic;
					};
				};
			};
			buildConfigurationList = 617059761F53506200D799BF /* Build configuration list for PBXProject "Assignment7" */;
			compatibilityVersion = "Xcode 3.2";
			developmentRegion = English;
			hasScannedForEncodings = 0;
			knownRegions = (
				en,
			);
			mainGroup = 617059721F53506200D799BF;
			productRefGroup = 6170597C1F53506200D799BF /* Products */;
			projectDirPath = "";
			projectRoot = "";
			targets = (
				6170597A1F53506200D799BF /* Assignment7 */,
			);
		};
/* End PBXProject section */

/* Begin PBXSourcesBuildPhase section */
		617059771F53506200D799BF /* Sources */ = {
			isa = PBXSourcesBuildPhase;
			buildActionMask = 2147483647;
			files = (
				61DDB4B41F53F0FB00C322CA /* Person.m in Sources */,
				61DDB4B11F53EEF900C322CA /* HealthCard.m in Sources */,
				6170598A1F53508700D799BF /* Patient.m in Sources */,
				617059871F53507700D799BF /* Doctor.m in Sources */,
				61DDB4AE1F53EEE500C322CA /* Symptom.m in Sources */,
				6170597F1F53506200D799BF /* main.m in Sources */,
			);
			runOnlyForDeploymentPostprocessing = 0;
		};
/* End PBXSourcesBuildPhase section */

/* Begin XCBuildConfiguration section */
		617059801F53506200D799BF /* Debug */ = {
			isa = XCBuildConfiguration;
			buildSettings = {
				ALWAYS_SEARCH_USER_PATHS = NO;
				CLANG_ANALYZER_NONNULL = YES;
				CLANG_CXX_LANGUAGE_STANDARD = "gnu++0x";
				CLANG_CXX_LIBRARY = "libc++";
				CLANG_ENABLE_MODULES = YES;
				CLANG_ENABLE_OBJC_ARC = YES;
				CLANG_WARN_BOOL_CONVERSION = YES;
				CLANG_WARN_CONSTANT_CONVERSION = YES;
				CLANG_WARN_DIRECT_OBJC_ISA_USAGE = YES_ERROR;
				CLANG_WARN_DOCUMENTATION_COMMENTS = YES;
				CLANG_WARN_EMPTY_BODY = YES;
				CLANG_WARN_ENUM_CONVERSION = YES;
				CLANG_WARN_INFINITE_RECURSION = YES;
				CLANG_WARN_INT_CONVERSION = YES;
				CLANG_WARN_OBJC_ROOT_CLASS = YES_ERROR;
				CLANG_WARN_SUSPICIOUS_MOVE = YES;
				CLANG_WARN_UNREACHABLE_CODE = YES;
				CLANG_WARN__DUPLICATE_METHOD_MATCH = YES;
				CODE_SIGN_IDENTITY = "-";
				COPY_PHASE_STRIP = NO;
				DEBUG_INFORMATION_FORMAT = dwarf;
				ENABLE_STRICT_OBJC_MSGSEND = YES;
				ENABLE_TESTABILITY = YES;
				GCC_C_LANGUAGE_STANDARD = gnu99;
				GCC_DYNAMIC_NO_PIC = NO;
				GCC_NO_COMMON_BLOCKS = YES;
				GCC_OPTIMIZATION_LEVEL = 0;
				GCC_PREPROCESSOR_DEFINITIONS = (
					"DEBUG=1",
					"$(inherited)",
				);
				GCC_WARN_64_TO_32_BIT_CONVERSION = YES;
				GCC_WARN_ABOUT_RETURN_TYPE = YES_ERROR;
				GCC_WARN_UNDECLARED_SELECTOR = YES;
				GCC_WARN_UNINITIALIZED_AUTOS = YES_AGGRESSIVE;
				GCC_WARN_UNUSED_FUNCTION = YES;
				GCC_WARN_UNUSED_VARIABLE = YES;
				MACOSX_DEPLOYMENT_TARGET = 10.11;
				MTL_ENABLE_DEBUG_INFO = YES;
				ONLY_ACTIVE_ARCH = YES;
				SDKROOT = macosx;
			};
			name = Debug;
		};
		617059811F53506200D799BF /* Release */ = {
			isa = XCBuildConfiguration;
			buildSettings = {
				ALWAYS_SEARCH_USER_PATHS = NO;
				CLANG_ANALYZER_NONNULL = YES;
				CLANG_CXX_LANGUAGE_STANDARD = "gnu++0x";
				CLANG_CXX_LIBRARY = "libc++";
				CLANG_ENABLE_MODULES = YES;
				CLANG_ENABLE_OBJC_ARC = YES;
				CLANG_WARN_BOOL_CONVERSION = YES;
				CLANG_WARN_CONSTANT_CONVERSION = YES;
				CLANG_WARN_DIRECT_OBJC_ISA_USAGE = YES_ERROR;
				CLANG_WARN_DOCUMENTATION_COMMENTS = YES;
				CLANG_WARN_EMPTY_BODY = YES;
				CLANG_WARN_ENUM_CONVERSION = YES;
				CLANG_WARN_INFINITE_RECURSION = YES;
				CLANG_WARN_INT_CONVERSION = YES;
				CLANG_WARN_OBJC_ROOT_CLASS = YES_ERROR;
				CLANG_WARN_SUSPICIOUS_MOVE = YES;
				CLANG_WARN_UNREACHABLE_CODE = YES;
				CLANG_WARN__DUPLICATE_METHOD_MATCH = YES;
				CODE_SIGN_IDENTITY = "-";
				COPY_PHASE_STRIP = NO;
				DEBUG_INFORMATION_FORMAT = "dwarf-with-dsym";
				ENABLE_NS_ASSERTIONS = NO;
				ENABLE_STRICT_OBJC_MSGSEND = YES;
				GCC_C_LANGUAGE_STANDARD = gnu99;
				GCC_NO_COMMON_BLOCKS = YES;
				GCC_WARN_64_TO_32_BIT_CONVERSION = YES;
				GCC_WARN_ABOUT_RETURN_TYPE = YES_ERROR;
				GCC_WARN_UNDECLARED_SELECTOR = YES;
				GCC_WARN_UNINITIALIZED_AUTOS = YES_AGGRESSIVE;
				GCC_WARN_UNUSED_FUNCTION = YES;
				GCC_WARN_UNUSED_VARIABLE = YES;
				MACOSX_DEPLOYMENT_TARGET = 10.11;
				MTL_ENABLE_DEBUG_INFO = NO;
				SDKROOT = macosx;
			};
			name = Release;
		};
		617059831F53506200D799BF /* Debug */ = {
			isa = XCBuildConfiguration;
			buildSettings = {
				PRODUCT_NAME = "$(TARGET_NAME)";
			};
			name = Debug;
		};
		617059841F53506200D799BF /* Release */ = {
			isa = XCBuildConfiguration;
			buildSettings = {
				PRODUCT_NAME = "$(TARGET_NAME)";
			};
			name = Release;
		};
/* End XCBuildConfiguration section */

/* Begin XCConfigurationList section */
		617059761F53506200D799BF /* Build configuration list for PBXProject "Assignment7" */ = {
			isa = XCConfigurationList;
			buildConfigurations = (
				617059801F53506200D799BF /* Debug */,
				617059811F53506200D799BF /* Release */,
			);
			defaultConfigurationIsVisible = 0;
			defaultConfigurationName = Release;
		};
		617059821F53506200D799BF /* Build configuration list for PBXNativeTarget "Assignment7" */ = {
			isa = XCConfigurationList;
			buildConfigurations = (
				617059831F53506200D799BF /* Debug */,
				617059841F53506200D799BF /* Release */,
			);
			defaultConfigurationIsVisible = 0;
			defaultConfigurationName = Release;
		};
/* End XCConfigurationList section */
	};
	rootObject = 617059731F53506200D799BF /* Project object */;
}
