// !$*UTF8*$!
{
	archiveVersion = 1;
	classes = {
	};
	objectVersion = 46;
	objects = {

/* Begin PBXBuildFile section */
		61DDB5A81F57210300C322CA /* main.m in Sources */ = {isa = PBXBuildFile; fileRef = 61DDB5A71F57210300C322CA /* main.m */; };
		61DDB5B01F57251500C322CA /* Player.m in Sources */ = {isa = PBXBuildFile; fileRef = 61DDB5AF1F57251500C322CA /* Player.m */; };
/* End PBXBuildFile section */

/* Begin PBXCopyFilesBuildPhase section */
		61DDB5A21F57210300C322CA /* CopyFiles */ = {
			isa = PBXCopyFilesBuildPhase;
			buildActionMask = 2147483647;
			dstPath = /usr/share/man/man1/;
			dstSubfolderSpec = 0;
			files = (
			);
			runOnlyForDeploymentPostprocessing = 1;
		};
/* End PBXCopyFilesBuildPhase section */

/* Begin PBXFileReference section */
		61DDB5A41F57210300C322CA /* Assignment14 */ = {isa = PBXFileReference; explicitFileType = "compiled.mach-o.executable"; includeInIndex = 0; path = Assignment14; sourceTree = BUILT_PRODUCTS_DIR; };
		61DDB5A71F57210300C322CA /* main.m */ = {isa = PBXFileReference; lastKnownFileType = sourcecode.c.objc; path = main.m; sourceTree = "<group>"; };
		61DDB5AE1F57251500C322CA /* Player.h */ = {isa = PBXFileReference; fileEncoding = 4; lastKnownFileType = sourcecode.c.h; path = Player.h; sourceTree = "<group>"; };
		61DDB5AF1F57251500C322CA /* Player.m */ = {isa = PBXFileReference; fileEncoding = 4; lastKnownFileType = sourcecode.c.objc; path = Player.m; sourceTree = "<group>"; };
/* End PBXFileReference section */

/* Begin PBXFrameworksBuildPhase section */
		61DDB5A11F57210300C322CA /* Frameworks */ = {
			isa = PBXFrameworksBuildPhase;
			buildActionMask = 2147483647;
			files = (
			);
			runOnlyForDeploymentPostprocessing = 0;
		};
/* End PBXFrameworksBuildPhase section */

/* Begin PBXGroup section */
		61DDB59B1F57210200C322CA = {
			isa = PBXGroup;
			children = (
				61DDB5A61F57210300C322CA /* Assignment14 */,
				61DDB5A51F57210300C322CA /* Products */,
			);
			sourceTree = "<group>";
		};
		61DDB5A51F57210300C322CA /* Products */ = {
			isa = PBXGroup;
			children = (
				61DDB5A41F57210300C322CA /* Assignment14 */,
			);
			name = Products;
			sourceTree = "<group>";
		};
		61DDB5A61F57210300C322CA /* Assignment14 */ = {
			isa = PBXGroup;
			children = (
				61DDB5A71F57210300C322CA /* main.m */,
				61DDB5AE1F57251500C322CA /* Player.h */,
				61DDB5AF1F57251500C322CA /* Player.m */,
			);
			path = Assignment14;
			sourceTree = "<group>";
		};
/* End PBXGroup section */

/* Begin PBXNativeTarget section */
		61DDB5A31F57210300C322CA /* Assignment14 */ = {
			isa = PBXNativeTarget;
			buildConfigurationList = 61DDB5AB1F57210300C322CA /* Build configuration list for PBXNativeTarget "Assignment14" */;
			buildPhases = (
				61DDB5A01F57210300C322CA /* Sources */,
				61DDB5A11F57210300C322CA /* Frameworks */,
				61DDB5A21F57210300C322CA /* CopyFiles */,
			);
			buildRules = (
			);
			dependencies = (
			);
			name = Assignment14;
			productName = Assignment14;
			productReference = 61DDB5A41F57210300C322CA /* Assignment14 */;
			productType = "com.apple.product-type.tool";
		};
/* End PBXNativeTarget section */

/* Begin PBXProject section */
		61DDB59C1F57210300C322CA /* Project object */ = {
			isa = PBXProject;
			attributes = {
				LastUpgradeCheck = 0820;
				ORGANIZATIONNAME = "岡田暁";
				TargetAttributes = {
					61DDB5A31F57210300C322CA = {
						CreatedOnToolsVersion = 8.2.1;
						ProvisioningStyle = Automatic;
					};
				};
			};
			buildConfigurationList = 61DDB59F1F57210300C322CA /* Build configuration list for PBXProject "Assignment14" */;
			compatibilityVersion = "Xcode 3.2";
			developmentRegion = English;
			hasScannedForEncodings = 0;
			knownRegions = (
				en,
			);
			mainGroup = 61DDB59B1F57210200C322CA;
			productRefGroup = 61DDB5A51F57210300C322CA /* Products */;
			projectDirPath = "";
			projectRoot = "";
			targets = (
				61DDB5A31F57210300C322CA /* Assignment14 */,
			);
		};
/* End PBXProject section */

/* Begin PBXSourcesBuildPhase section */
		61DDB5A01F57210300C322CA /* Sources */ = {
			isa = PBXSourcesBuildPhase;
			buildActionMask = 2147483647;
			files = (
				61DDB5B01F57251500C322CA /* Player.m in Sources */,
				61DDB5A81F57210300C322CA /* main.m in Sources */,
			);
			runOnlyForDeploymentPostprocessing = 0;
		};
/* End PBXSourcesBuildPhase section */

/* Begin XCBuildConfiguration section */
		61DDB5A91F57210300C322CA /* Debug */ = {
			isa = XCBuildConfiguration;
			buildSettings = {
				ALWAYS_SEARCH_USER_PATHS = NO;
				CLANG_ANALYZER_NONNULL = YES;
				CLANG_CXX_LANGUAGE_STANDARD = "gnu++0x";
				CLANG_CXX_LIBRARY = "libc++";
				CLANG_ENABLE_MODULES = YES;
				CLANG_ENABLE_OBJC_ARC = YES;
				CLANG_WARN_BOOL_CONVERSION = YES;
				CLANG_WARN_CONSTANT_CONVERSION = YES;
				CLANG_WARN_DIRECT_OBJC_ISA_USAGE = YES_ERROR;
				CLANG_WARN_DOCUMENTATION_COMMENTS = YES;
				CLANG_WARN_EMPTY_BODY = YES;
				CLANG_WARN_ENUM_CONVERSION = YES;
				CLANG_WARN_INFINITE_RECURSION = YES;
				CLANG_WARN_INT_CONVERSION = YES;
				CLANG_WARN_OBJC_ROOT_CLASS = YES_ERROR;
				CLANG_WARN_SUSPICIOUS_MOVE = YES;
				CLANG_WARN_UNREACHABLE_CODE = YES;
				CLANG_WARN__DUPLICATE_METHOD_MATCH = YES;
				CODE_SIGN_IDENTITY = "-";
				COPY_PHASE_STRIP = NO;
				DEBUG_INFORMATION_FORMAT = dwarf;
				ENABLE_STRICT_OBJC_MSGSEND = YES;
				ENABLE_TESTABILITY = YES;
				GCC_C_LANGUAGE_STANDARD = gnu99;
				GCC_DYNAMIC_NO_PIC = NO;
				GCC_NO_COMMON_BLOCKS = YES;
				GCC_OPTIMIZATION_LEVEL = 0;
				GCC_PREPROCESSOR_DEFINITIONS = (
					"DEBUG=1",
					"$(inherited)",
				);
				GCC_WARN_64_TO_32_BIT_CONVERSION = YES;
				GCC_WARN_ABOUT_RETURN_TYPE = YES_ERROR;
				GCC_WARN_UNDECLARED_SELECTOR = YES;
				GCC_WARN_UNINITIALIZED_AUTOS = YES_AGGRESSIVE;
				GCC_WARN_UNUSED_FUNCTION = YES;
				GCC_WARN_UNUSED_VARIABLE = YES;
				MACOSX_DEPLOYMENT_TARGET = 10.11;
				MTL_ENABLE_DEBUG_INFO = YES;
				ONLY_ACTIVE_ARCH = YES;
				SDKROOT = macosx;
			};
			name = Debug;
		};
		61DDB5AA1F57210300C322CA /* Release */ = {
			isa = XCBuildConfiguration;
			buildSettings = {
				ALWAYS_SEARCH_USER_PATHS = NO;
				CLANG_ANALYZER_NONNULL = YES;
				CLANG_CXX_LANGUAGE_STANDARD = "gnu++0x";
				CLANG_CXX_LIBRARY = "libc++";
				CLANG_ENABLE_MODULES = YES;
				CLANG_ENABLE_OBJC_ARC = YES;
				CLANG_WARN_BOOL_CONVERSION = YES;
				CLANG_WARN_CONSTANT_CONVERSION = YES;
				CLANG_WARN_DIRECT_OBJC_ISA_USAGE = YES_ERROR;
				CLANG_WARN_DOCUMENTATION_COMMENTS = YES;
				CLANG_WARN_EMPTY_BODY = YES;
				CLANG_WARN_ENUM_CONVERSION = YES;
				CLANG_WARN_INFINITE_RECURSION = YES;
				CLANG_WARN_INT_CONVERSION = YES;
				CLANG_WARN_OBJC_ROOT_CLASS = YES_ERROR;
				CLANG_WARN_SUSPICIOUS_MOVE = YES;
				CLANG_WARN_UNREACHABLE_CODE = YES;
				CLANG_WARN__DUPLICATE_METHOD_MATCH = YES;
				CODE_SIGN_IDENTITY = "-";
				COPY_PHASE_STRIP = NO;
				DEBUG_INFORMATION_FORMAT = "dwarf-with-dsym";
				ENABLE_NS_ASSERTIONS = NO;
				ENABLE_STRICT_OBJC_MSGSEND = YES;
				GCC_C_LANGUAGE_STANDARD = gnu99;
				GCC_NO_COMMON_BLOCKS = YES;
				GCC_WARN_64_TO_32_BIT_CONVERSION = YES;
				GCC_WARN_ABOUT_RETURN_TYPE = YES_ERROR;
				GCC_WARN_UNDECLARED_SELECTOR = YES;
				GCC_WARN_UNINITIALIZED_AUTOS = YES_AGGRESSIVE;
				GCC_WARN_UNUSED_FUNCTION = YES;
				GCC_WARN_UNUSED_VARIABLE = YES;
				MACOSX_DEPLOYMENT_TARGET = 10.11;
				MTL_ENABLE_DEBUG_INFO = NO;
				SDKROOT = macosx;
			};
			name = Release;
		};
		61DDB5AC1F57210300C322CA /* Debug */ = {
			isa = XCBuildConfiguration;
			buildSettings = {
				PRODUCT_NAME = "$(TARGET_NAME)";
			};
			name = Debug;
		};
		61DDB5AD1F57210300C322CA /* Release */ = {
			isa = XCBuildConfiguration;
			buildSettings = {
				PRODUCT_NAME = "$(TARGET_NAME)";
			};
			name = Release;
		};
/* End XCBuildConfiguration section */

/* Begin XCConfigurationList section */
		61DDB59F1F57210300C322CA /* Build configuration list for PBXProject "Assignment14" */ = {
			isa = XCConfigurationList;
			buildConfigurations = (
				61DDB5A91F57210300C322CA /* Debug */,
				61DDB5AA1F57210300C322CA /* Release */,
			);
			defaultConfigurationIsVisible = 0;
			defaultConfigurationName = Release;
		};
		61DDB5AB1F57210300C322CA /* Build configuration list for PBXNativeTarget "Assignment14" */ = {
			isa = XCConfigurationList;
			buildConfigurations = (
				61DDB5AC1F57210300C322CA /* Debug */,
				61DDB5AD1F57210300C322CA /* Release */,
			);
			defaultConfigurationIsVisible = 0;
		};
/* End XCConfigurationList section */
	};
	rootObject = 61DDB59C1F57210300C322CA /* Project object */;
}
